
Microsoft Visual Studio Solution File, Format Version 12.00
# Visual Studio Version 17
VisualStudioVersion = 17.0.31912.275
MinimumVisualStudioVersion = 10.0.40219.1
Project("{9A19103F-16F7-4668-BE54-9A1E7A4F7556}") = "WeatherApi", "WeatherApi\WeatherApi.csproj", "{5AB8FBC5-D809-4AF6-8235-2873878A881D}"
EndProject
Project("{9A19103F-16F7-4668-BE54-9A1E7A4F7556}") = "AuthenticationService", "AuthenticationService\AuthenticationService.csproj", "{E573D2B9-4803-44D6-ADFE-9A2B7CCC6823}"
EndProject
Project("{9A19103F-16F7-4668-BE54-9A1E7A4F7556}") = "ForecastService", "ForecastService\ForecastService.csproj", "{0F94A211-C020-49FC-AC4C-72A2C909454A}"
EndProject
Project("{2150E333-8FDC-42A3-9474-1A3956D46DE8}") = "Solution Items", "Solution Items", "{050B5ED1-EC5D-4D9C-8D08-45AD08CC498D}"
	ProjectSection(SolutionItems) = preProject
		.gitignore = .gitignore
	EndProjectSection
EndProject
Project("{E53339B2-1760-4266-BCC7-CA923CBCF16C}") = "docker-compose", "docker-compose.dcproj", "{21CBC79E-0D97-41BF-84B3-173D2698097F}"
EndProject
Project("{2150E333-8FDC-42A3-9474-1A3956D46DE8}") = "Collector", "Collector", "{5E8EE268-41B7-4D4B-8FF4-B1D2863D6821}"
	ProjectSection(SolutionItems) = preProject
		Collector\config.yaml = Collector\config.yaml
		Collector\Dockerfile = Collector\Dockerfile
	EndProjectSection
EndProject
Project("{2150E333-8FDC-42A3-9474-1A3956D46DE8}") = "Prometheus", "Prometheus", "{321F30E0-8793-4ED4-BB2C-D67E2046A7C7}"
	ProjectSection(SolutionItems) = preProject
		Prometheus\Dockerfile = Prometheus\Dockerfile
		Prometheus\prometheus.yml = Prometheus\prometheus.yml
	EndProjectSection
EndProject
Global
	GlobalSection(SolutionConfigurationPlatforms) = preSolution
		Debug|Any CPU = Debug|Any CPU
		Release|Any CPU = Release|Any CPU
	EndGlobalSection
	GlobalSection(ProjectConfigurationPlatforms) = postSolution
		{5AB8FBC5-D809-4AF6-8235-2873878A881D}.Debug|Any CPU.ActiveCfg = Debug|Any CPU
		{5AB8FBC5-D809-4AF6-8235-2873878A881D}.Debug|Any CPU.Build.0 = Debug|Any CPU
		{5AB8FBC5-D809-4AF6-8235-2873878A881D}.Release|Any CPU.ActiveCfg = Release|Any CPU
		{5AB8FBC5-D809-4AF6-8235-2873878A881D}.Release|Any CPU.Build.0 = Release|Any CPU
		{E573D2B9-4803-44D6-ADFE-9A2B7CCC6823}.Debug|Any CPU.ActiveCfg = Debug|Any CPU
		{E573D2B9-4803-44D6-ADFE-9A2B7CCC6823}.Debug|Any CPU.Build.0 = Debug|Any CPU
		{E573D2B9-4803-44D6-ADFE-9A2B7CCC6823}.Release|Any CPU.ActiveCfg = Release|Any CPU
		{E573D2B9-4803-44D6-ADFE-9A2B7CCC6823}.Release|Any CPU.Build.0 = Release|Any CPU
		{0F94A211-C020-49FC-AC4C-72A2C909454A}.Debug|Any CPU.ActiveCfg = Debug|Any CPU
		{0F94A211-C020-49FC-AC4C-72A2C909454A}.Debug|Any CPU.Build.0 = Debug|Any CPU
		{0F94A211-C020-49FC-AC4C-72A2C909454A}.Release|Any CPU.ActiveCfg = Release|Any CPU
		{0F94A211-C020-49FC-AC4C-72A2C909454A}.Release|Any CPU.Build.0 = Release|Any CPU
		{21CBC79E-0D97-41BF-84B3-173D2698097F}.Debug|Any CPU.ActiveCfg = Debug|Any CPU
		{21CBC79E-0D97-41BF-84B3-173D2698097F}.Debug|Any CPU.Build.0 = Debug|Any CPU
		{21CBC79E-0D97-41BF-84B3-173D2698097F}.Release|Any CPU.ActiveCfg = Release|Any CPU
		{21CBC79E-0D97-41BF-84B3-173D2698097F}.Release|Any CPU.Build.0 = Release|Any CPU
	EndGlobalSection
	GlobalSection(SolutionProperties) = preSolution
		HideSolutionNode = FALSE
	EndGlobalSection
	GlobalSection(ExtensibilityGlobals) = postSolution
		SolutionGuid = {3B1465BD-CFB3-4429-88B4-A18B846F8431}
	EndGlobalSection
EndGlobal
